
Microsoft Visual Studio Solution File, Format Version 12.00
# Visual Studio 15
VisualStudioVersion = 15.0.26124.0
MinimumVisualStudioVersion = 15.0.26124.0
Project("{2150E333-8FDC-42A3-9474-1A3956D46DE8}") = "src", "src", "{6C32EE25-F670-4421-ACD1-1008EF82EA5F}"
EndProject
Project("{FAE04EC0-301F-11D3-BF4B-00C04F79EFBC}") = "GradeBook", "src\GradeBook\GradeBook.csproj", "{57BBB5E5-1A03-49F4-AD85-087154C9B5C2}"
EndProject
Project("{2150E333-8FDC-42A3-9474-1A3956D46DE8}") = "test", "test", "{C3DF6402-5223-407C-B913-12CD4C4136A1}"
EndProject
Project("{FAE04EC0-301F-11D3-BF4B-00C04F79EFBC}") = "Gradebook.Tests", "test\Gradebook.Tests\Gradebook.Tests.csproj", "{793BE204-10E2-4B7B-B93F-10E9422CB434}"
EndProject
Global
	GlobalSection(SolutionConfigurationPlatforms) = preSolution
		Debug|Any CPU = Debug|Any CPU
		Debug|x64 = Debug|x64
		Debug|x86 = Debug|x86
		Release|Any CPU = Release|Any CPU
		Release|x64 = Release|x64
		Release|x86 = Release|x86
	EndGlobalSection
	GlobalSection(SolutionProperties) = preSolution
		HideSolutionNode = FALSE
	EndGlobalSection
	GlobalSection(ProjectConfigurationPlatforms) = postSolution
		{57BBB5E5-1A03-49F4-AD85-087154C9B5C2}.Debug|Any CPU.ActiveCfg = Debug|Any CPU
		{57BBB5E5-1A03-49F4-AD85-087154C9B5C2}.Debug|Any CPU.Build.0 = Debug|Any CPU
		{57BBB5E5-1A03-49F4-AD85-087154C9B5C2}.Debug|x64.ActiveCfg = Debug|Any CPU
		{57BBB5E5-1A03-49F4-AD85-087154C9B5C2}.Debug|x64.Build.0 = Debug|Any CPU
		{57BBB5E5-1A03-49F4-AD85-087154C9B5C2}.Debug|x86.ActiveCfg = Debug|Any CPU
		{57BBB5E5-1A03-49F4-AD85-087154C9B5C2}.Debug|x86.Build.0 = Debug|Any CPU
		{57BBB5E5-1A03-49F4-AD85-087154C9B5C2}.Release|Any CPU.ActiveCfg = Release|Any CPU
		{57BBB5E5-1A03-49F4-AD85-087154C9B5C2}.Release|Any CPU.Build.0 = Release|Any CPU
		{57BBB5E5-1A03-49F4-AD85-087154C9B5C2}.Release|x64.ActiveCfg = Release|Any CPU
		{57BBB5E5-1A03-49F4-AD85-087154C9B5C2}.Release|x64.Build.0 = Release|Any CPU
		{57BBB5E5-1A03-49F4-AD85-087154C9B5C2}.Release|x86.ActiveCfg = Release|Any CPU
		{57BBB5E5-1A03-49F4-AD85-087154C9B5C2}.Release|x86.Build.0 = Release|Any CPU
		{793BE204-10E2-4B7B-B93F-10E9422CB434}.Debug|Any CPU.ActiveCfg = Debug|Any CPU
		{793BE204-10E2-4B7B-B93F-10E9422CB434}.Debug|Any CPU.Build.0 = Debug|Any CPU
		{793BE204-10E2-4B7B-B93F-10E9422CB434}.Debug|x64.ActiveCfg = Debug|Any CPU
		{793BE204-10E2-4B7B-B93F-10E9422CB434}.Debug|x64.Build.0 = Debug|Any CPU
		{793BE204-10E2-4B7B-B93F-10E9422CB434}.Debug|x86.ActiveCfg = Debug|Any CPU
		{793BE204-10E2-4B7B-B93F-10E9422CB434}.Debug|x86.Build.0 = Debug|Any CPU
		{793BE204-10E2-4B7B-B93F-10E9422CB434}.Release|Any CPU.ActiveCfg = Release|Any CPU
		{793BE204-10E2-4B7B-B93F-10E9422CB434}.Release|Any CPU.Build.0 = Release|Any CPU
		{793BE204-10E2-4B7B-B93F-10E9422CB434}.Release|x64.ActiveCfg = Release|Any CPU
		{793BE204-10E2-4B7B-B93F-10E9422CB434}.Release|x64.Build.0 = Release|Any CPU
		{793BE204-10E2-4B7B-B93F-10E9422CB434}.Release|x86.ActiveCfg = Release|Any CPU
		{793BE204-10E2-4B7B-B93F-10E9422CB434}.Release|x86.Build.0 = Release|Any CPU
	EndGlobalSection
	GlobalSection(NestedProjects) = preSolution
		{57BBB5E5-1A03-49F4-AD85-087154C9B5C2} = {6C32EE25-F670-4421-ACD1-1008EF82EA5F}
		{793BE204-10E2-4B7B-B93F-10E9422CB434} = {C3DF6402-5223-407C-B913-12CD4C4136A1}
	EndGlobalSection
EndGlobal
